// !$*UTF8*$!
{
	archiveVersion = 1;
	classes = {
	};
	objectVersion = 50;
	objects = {

/* Begin PBXBuildFile section */
		9DBAAE10210B181700222B72 /* AppDelegate.swift in Sources */ = {isa = PBXBuildFile; fileRef = 9DBAAE0F210B181700222B72 /* AppDelegate.swift */; };
		9DBAAE12210B181700222B72 /* ViewController.swift in Sources */ = {isa = PBXBuildFile; fileRef = 9DBAAE11210B181700222B72 /* ViewController.swift */; };
		9DBAAE15210B181700222B72 /* Main.storyboard in Resources */ = {isa = PBXBuildFile; fileRef = 9DBAAE13210B181700222B72 /* Main.storyboard */; };
		9DBAAE17210B181900222B72 /* Assets.xcassets in Resources */ = {isa = PBXBuildFile; fileRef = 9DBAAE16210B181900222B72 /* Assets.xcassets */; };
		9DBAAE1A210B181900222B72 /* LaunchScreen.storyboard in Resources */ = {isa = PBXBuildFile; fileRef = 9DBAAE18210B181900222B72 /* LaunchScreen.storyboard */; };
		9DBAAE22210B27B300222B72 /* TableViewController.swift in Sources */ = {isa = PBXBuildFile; fileRef = 9DBAAE21210B27B300222B72 /* TableViewController.swift */; };
		9DBAAE24210B27E000222B72 /* CollectionViewController.swift in Sources */ = {isa = PBXBuildFile; fileRef = 9DBAAE23210B27E000222B72 /* CollectionViewController.swift */; };
		9DBAAE26210B2F0500222B72 /* NewsModel.swift in Sources */ = {isa = PBXBuildFile; fileRef = 9DBAAE25210B2F0500222B72 /* NewsModel.swift */; };
		9DBAAE28210B2FA900222B72 /* NewsData.swift in Sources */ = {isa = PBXBuildFile; fileRef = 9DBAAE27210B2FA900222B72 /* NewsData.swift */; };
		9DBAAE2A210B337400222B72 /* TableViewCell.swift in Sources */ = {isa = PBXBuildFile; fileRef = 9DBAAE29210B337400222B72 /* TableViewCell.swift */; };
		9DBAAE2C210B452000222B72 /* DetailsViewController.swift in Sources */ = {isa = PBXBuildFile; fileRef = 9DBAAE2B210B452000222B72 /* DetailsViewController.swift */; };
		9DBAAE32210B682B00222B72 /* CustomCollectionViewCell.swift in Sources */ = {isa = PBXBuildFile; fileRef = 9DBAAE31210B682B00222B72 /* CustomCollectionViewCell.swift */; };
/* End PBXBuildFile section */

/* Begin PBXFileReference section */
		9DBAAE0C210B181700222B72 /* PracticeWithCollectionViewAndTableView.app */ = {isa = PBXFileReference; explicitFileType = wrapper.application; includeInIndex = 0; path = PracticeWithCollectionViewAndTableView.app; sourceTree = BUILT_PRODUCTS_DIR; };
		9DBAAE0F210B181700222B72 /* AppDelegate.swift */ = {isa = PBXFileReference; lastKnownFileType = sourcecode.swift; path = AppDelegate.swift; sourceTree = "<group>"; };
		9DBAAE11210B181700222B72 /* ViewController.swift */ = {isa = PBXFileReference; lastKnownFileType = sourcecode.swift; path = ViewController.swift; sourceTree = "<group>"; };
		9DBAAE14210B181700222B72 /* Base */ = {isa = PBXFileReference; lastKnownFileType = file.storyboard; name = Base; path = Base.lproj/Main.storyboard; sourceTree = "<group>"; };
		9DBAAE16210B181900222B72 /* Assets.xcassets */ = {isa = PBXFileReference; lastKnownFileType = folder.assetcatalog; path = Assets.xcassets; sourceTree = "<group>"; };
		9DBAAE19210B181900222B72 /* Base */ = {isa = PBXFileReference; lastKnownFileType = file.storyboard; name = Base; path = Base.lproj/LaunchScreen.storyboard; sourceTree = "<group>"; };
		9DBAAE1B210B181900222B72 /* Info.plist */ = {isa = PBXFileReference; lastKnownFileType = text.plist.xml; path = Info.plist; sourceTree = "<group>"; };
		9DBAAE21210B27B300222B72 /* TableViewController.swift */ = {isa = PBXFileReference; lastKnownFileType = sourcecode.swift; path = TableViewController.swift; sourceTree = "<group>"; };
		9DBAAE23210B27E000222B72 /* CollectionViewController.swift */ = {isa = PBXFileReference; lastKnownFileType = sourcecode.swift; path = CollectionViewController.swift; sourceTree = "<group>"; };
		9DBAAE25210B2F0500222B72 /* NewsModel.swift */ = {isa = PBXFileReference; lastKnownFileType = sourcecode.swift; path = NewsModel.swift; sourceTree = "<group>"; };
		9DBAAE27210B2FA900222B72 /* NewsData.swift */ = {isa = PBXFileReference; lastKnownFileType = sourcecode.swift; path = NewsData.swift; sourceTree = "<group>"; };
		9DBAAE29210B337400222B72 /* TableViewCell.swift */ = {isa = PBXFileReference; lastKnownFileType = sourcecode.swift; path = TableViewCell.swift; sourceTree = "<group>"; };
		9DBAAE2B210B452000222B72 /* DetailsViewController.swift */ = {isa = PBXFileReference; lastKnownFileType = sourcecode.swift; path = DetailsViewController.swift; sourceTree = "<group>"; };
		9DBAAE31210B682B00222B72 /* CustomCollectionViewCell.swift */ = {isa = PBXFileReference; lastKnownFileType = sourcecode.swift; path = CustomCollectionViewCell.swift; sourceTree = "<group>"; };
/* End PBXFileReference section */

/* Begin PBXFrameworksBuildPhase section */
		9DBAAE09210B181700222B72 /* Frameworks */ = {
			isa = PBXFrameworksBuildPhase;
			buildActionMask = 2147483647;
			files = (
			);
			runOnlyForDeploymentPostprocessing = 0;
		};
/* End PBXFrameworksBuildPhase section */

/* Begin PBXGroup section */
		9DBAAE03210B181700222B72 = {
			isa = PBXGroup;
			children = (
				9DBAAE0E210B181700222B72 /* PracticeWithCollectionViewAndTableView */,
				9DBAAE0D210B181700222B72 /* Products */,
			);
			sourceTree = "<group>";
		};
		9DBAAE0D210B181700222B72 /* Products */ = {
			isa = PBXGroup;
			children = (
				9DBAAE0C210B181700222B72 /* PracticeWithCollectionViewAndTableView.app */,
			);
			name = Products;
			sourceTree = "<group>";
		};
		9DBAAE0E210B181700222B72 /* PracticeWithCollectionViewAndTableView */ = {
			isa = PBXGroup;
			children = (
				9DBAAE0F210B181700222B72 /* AppDelegate.swift */,
				9DBAAE11210B181700222B72 /* ViewController.swift */,
				9DBAAE13210B181700222B72 /* Main.storyboard */,
				9DBAAE16210B181900222B72 /* Assets.xcassets */,
				9DBAAE18210B181900222B72 /* LaunchScreen.storyboard */,
				9DBAAE1B210B181900222B72 /* Info.plist */,
				9DBAAE21210B27B300222B72 /* TableViewController.swift */,
				9DBAAE23210B27E000222B72 /* CollectionViewController.swift */,
				9DBAAE25210B2F0500222B72 /* NewsModel.swift */,
				9DBAAE27210B2FA900222B72 /* NewsData.swift */,
				9DBAAE29210B337400222B72 /* TableViewCell.swift */,
				9DBAAE2B210B452000222B72 /* DetailsViewController.swift */,
				9DBAAE31210B682B00222B72 /* CustomCollectionViewCell.swift */,
			);
			path = PracticeWithCollectionViewAndTableView;
			sourceTree = "<group>";
		};
/* End PBXGroup section */

/* Begin PBXNativeTarget section */
		9DBAAE0B210B181700222B72 /* PracticeWithCollectionViewAndTableView */ = {
			isa = PBXNativeTarget;
			buildConfigurationList = 9DBAAE1E210B181900222B72 /* Build configuration list for PBXNativeTarget "PracticeWithCollectionViewAndTableView" */;
			buildPhases = (
				9DBAAE08210B181700222B72 /* Sources */,
				9DBAAE09210B181700222B72 /* Frameworks */,
				9DBAAE0A210B181700222B72 /* Resources */,
			);
			buildRules = (
			);
			dependencies = (
			);
			name = PracticeWithCollectionViewAndTableView;
			productName = PracticeWithCollectionViewAndTableView;
			productReference = 9DBAAE0C210B181700222B72 /* PracticeWithCollectionViewAndTableView.app */;
			productType = "com.apple.product-type.application";
		};
/* End PBXNativeTarget section */

/* Begin PBXProject section */
		9DBAAE04210B181700222B72 /* Project object */ = {
			isa = PBXProject;
			attributes = {
				LastSwiftUpdateCheck = 0940;
				LastUpgradeCheck = 0940;
				ORGANIZATIONNAME = "Denis Markov";
				TargetAttributes = {
					9DBAAE0B210B181700222B72 = {
						CreatedOnToolsVersion = 9.4.1;
					};
				};
			};
			buildConfigurationList = 9DBAAE07210B181700222B72 /* Build configuration list for PBXProject "PracticeWithCollectionViewAndTableView" */;
			compatibilityVersion = "Xcode 9.3";
			developmentRegion = en;
			hasScannedForEncodings = 0;
			knownRegions = (
				en,
				Base,
			);
			mainGroup = 9DBAAE03210B181700222B72;
			productRefGroup = 9DBAAE0D210B181700222B72 /* Products */;
			projectDirPath = "";
			projectRoot = "";
			targets = (
				9DBAAE0B210B181700222B72 /* PracticeWithCollectionViewAndTableView */,
			);
		};
/* End PBXProject section */

/* Begin PBXResourcesBuildPhase section */
		9DBAAE0A210B181700222B72 /* Resources */ = {
			isa = PBXResourcesBuildPhase;
			buildActionMask = 2147483647;
			files = (
				9DBAAE1A210B181900222B72 /* LaunchScreen.storyboard in Resources */,
				9DBAAE17210B181900222B72 /* Assets.xcassets in Resources */,
				9DBAAE15210B181700222B72 /* Main.storyboard in Resources */,
			);
			runOnlyForDeploymentPostprocessing = 0;
		};
/* End PBXResourcesBuildPhase section */

/* Begin PBXSourcesBuildPhase section */
		9DBAAE08210B181700222B72 /* Sources */ = {
			isa = PBXSourcesBuildPhase;
			buildActionMask = 2147483647;
			files = (
				9DBAAE24210B27E000222B72 /* CollectionViewController.swift in Sources */,
				9DBAAE32210B682B00222B72 /* CustomCollectionViewCell.swift in Sources */,
				9DBAAE12210B181700222B72 /* ViewController.swift in Sources */,
				9DBAAE28210B2FA900222B72 /* NewsData.swift in Sources */,
				9DBAAE2C210B452000222B72 /* DetailsViewController.swift in Sources */,
				9DBAAE22210B27B300222B72 /* TableViewController.swift in Sources */,
				9DBAAE10210B181700222B72 /* AppDelegate.swift in Sources */,
				9DBAAE2A210B337400222B72 /* TableViewCell.swift in Sources */,
				9DBAAE26210B2F0500222B72 /* NewsModel.swift in Sources */,
			);
			runOnlyForDeploymentPostprocessing = 0;
		};
/* End PBXSourcesBuildPhase section */

/* Begin PBXVariantGroup section */
		9DBAAE13210B181700222B72 /* Main.storyboard */ = {
			isa = PBXVariantGroup;
			children = (
				9DBAAE14210B181700222B72 /* Base */,
			);
			name = Main.storyboard;
			sourceTree = "<group>";
		};
		9DBAAE18210B181900222B72 /* LaunchScreen.storyboard */ = {
			isa = PBXVariantGroup;
			children = (
				9DBAAE19210B181900222B72 /* Base */,
			);
			name = LaunchScreen.storyboard;
			sourceTree = "<group>";
		};
/* End PBXVariantGroup section */

/* Begin XCBuildConfiguration section */
		9DBAAE1C210B181900222B72 /* Debug */ = {
			isa = XCBuildConfiguration;
			buildSettings = {
				ALWAYS_SEARCH_USER_PATHS = NO;
				CLANG_ANALYZER_NONNULL = YES;
				CLANG_ANALYZER_NUMBER_OBJECT_CONVERSION = YES_AGGRESSIVE;
				CLANG_CXX_LANGUAGE_STANDARD = "gnu++14";
				CLANG_CXX_LIBRARY = "libc++";
				CLANG_ENABLE_MODULES = YES;
				CLANG_ENABLE_OBJC_ARC = YES;
				CLANG_ENABLE_OBJC_WEAK = YES;
				CLANG_WARN_BLOCK_CAPTURE_AUTORELEASING = YES;
				CLANG_WARN_BOOL_CONVERSION = YES;
				CLANG_WARN_COMMA = YES;
				CLANG_WARN_CONSTANT_CONVERSION = YES;
				CLANG_WARN_DEPRECATED_OBJC_IMPLEMENTATIONS = YES;
				CLANG_WARN_DIRECT_OBJC_ISA_USAGE = YES_ERROR;
				CLANG_WARN_DOCUMENTATION_COMMENTS = YES;
				CLANG_WARN_EMPTY_BODY = YES;
				CLANG_WARN_ENUM_CONVERSION = YES;
				CLANG_WARN_INFINITE_RECURSION = YES;
				CLANG_WARN_INT_CONVERSION = YES;
				CLANG_WARN_NON_LITERAL_NULL_CONVERSION = YES;
				CLANG_WARN_OBJC_IMPLICIT_RETAIN_SELF = YES;
				CLANG_WARN_OBJC_LITERAL_CONVERSION = YES;
				CLANG_WARN_OBJC_ROOT_CLASS = YES_ERROR;
				CLANG_WARN_RANGE_LOOP_ANALYSIS = YES;
				CLANG_WARN_STRICT_PROTOTYPES = YES;
				CLANG_WARN_SUSPICIOUS_MOVE = YES;
				CLANG_WARN_UNGUARDED_AVAILABILITY = YES_AGGRESSIVE;
				CLANG_WARN_UNREACHABLE_CODE = YES;
				CLANG_WARN__DUPLICATE_METHOD_MATCH = YES;
				CODE_SIGN_IDENTITY = "iPhone Developer";
				COPY_PHASE_STRIP = NO;
				DEBUG_INFORMATION_FORMAT = dwarf;
				ENABLE_STRICT_OBJC_MSGSEND = YES;
				ENABLE_TESTABILITY = YES;
				GCC_C_LANGUAGE_STANDARD = gnu11;
				GCC_DYNAMIC_NO_PIC = NO;
				GCC_NO_COMMON_BLOCKS = YES;
				GCC_OPTIMIZATION_LEVEL = 0;
				GCC_PREPROCESSOR_DEFINITIONS = (
					"DEBUG=1",
					"$(inherited)",
				);
				GCC_WARN_64_TO_32_BIT_CONVERSION = YES;
				GCC_WARN_ABOUT_RETURN_TYPE = YES_ERROR;
				GCC_WARN_UNDECLARED_SELECTOR = YES;
				GCC_WARN_UNINITIALIZED_AUTOS = YES_AGGRESSIVE;
				GCC_WARN_UNUSED_FUNCTION = YES;
				GCC_WARN_UNUSED_VARIABLE = YES;
				IPHONEOS_DEPLOYMENT_TARGET = 11.4;
				MTL_ENABLE_DEBUG_INFO = YES;
				ONLY_ACTIVE_ARCH = YES;
				SDKROOT = iphoneos;
				SWIFT_ACTIVE_COMPILATION_CONDITIONS = DEBUG;
				SWIFT_OPTIMIZATION_LEVEL = "-Onone";
			};
			name = Debug;
		};
		9DBAAE1D210B181900222B72 /* Release */ = {
			isa = XCBuildConfiguration;
			buildSettings = {
				ALWAYS_SEARCH_USER_PATHS = NO;
				CLANG_ANALYZER_NONNULL = YES;
				CLANG_ANALYZER_NUMBER_OBJECT_CONVERSION = YES_AGGRESSIVE;
				CLANG_CXX_LANGUAGE_STANDARD = "gnu++14";
				CLANG_CXX_LIBRARY = "libc++";
				CLANG_ENABLE_MODULES = YES;
				CLANG_ENABLE_OBJC_ARC = YES;
				CLANG_ENABLE_OBJC_WEAK = YES;
				CLANG_WARN_BLOCK_CAPTURE_AUTORELEASING = YES;
				CLANG_WARN_BOOL_CONVERSION = YES;
				CLANG_WARN_COMMA = YES;
				CLANG_WARN_CONSTANT_CONVERSION = YES;
				CLANG_WARN_DEPRECATED_OBJC_IMPLEMENTATIONS = YES;
				CLANG_WARN_DIRECT_OBJC_ISA_USAGE = YES_ERROR;
				CLANG_WARN_DOCUMENTATION_COMMENTS = YES;
				CLANG_WARN_EMPTY_BODY = YES;
				CLANG_WARN_ENUM_CONVERSION = YES;
				CLANG_WARN_INFINITE_RECURSION = YES;
				CLANG_WARN_INT_CONVERSION = YES;
				CLANG_WARN_NON_LITERAL_NULL_CONVERSION = YES;
				CLANG_WARN_OBJC_IMPLICIT_RETAIN_SELF = YES;
				CLANG_WARN_OBJC_LITERAL_CONVERSION = YES;
				CLANG_WARN_OBJC_ROOT_CLASS = YES_ERROR;
				CLANG_WARN_RANGE_LOOP_ANALYSIS = YES;
				CLANG_WARN_STRICT_PROTOTYPES = YES;
				CLANG_WARN_SUSPICIOUS_MOVE = YES;
				CLANG_WARN_UNGUARDED_AVAILABILITY = YES_AGGRESSIVE;
				CLANG_WARN_UNREACHABLE_CODE = YES;
				CLANG_WARN__DUPLICATE_METHOD_MATCH = YES;
				CODE_SIGN_IDENTITY = "iPhone Developer";
				COPY_PHASE_STRIP = NO;
				DEBUG_INFORMATION_FORMAT = "dwarf-with-dsym";
				ENABLE_NS_ASSERTIONS = NO;
				ENABLE_STRICT_OBJC_MSGSEND = YES;
				GCC_C_LANGUAGE_STANDARD = gnu11;
				GCC_NO_COMMON_BLOCKS = YES;
				GCC_WARN_64_TO_32_BIT_CONVERSION = YES;
				GCC_WARN_ABOUT_RETURN_TYPE = YES_ERROR;
				GCC_WARN_UNDECLARED_SELECTOR = YES;
				GCC_WARN_UNINITIALIZED_AUTOS = YES_AGGRESSIVE;
				GCC_WARN_UNUSED_FUNCTION = YES;
				GCC_WARN_UNUSED_VARIABLE = YES;
				IPHONEOS_DEPLOYMENT_TARGET = 11.4;
				MTL_ENABLE_DEBUG_INFO = NO;
				SDKROOT = iphoneos;
				SWIFT_COMPILATION_MODE = wholemodule;
				SWIFT_OPTIMIZATION_LEVEL = "-O";
				VALIDATE_PRODUCT = YES;
			};
			name = Release;
		};
		9DBAAE1F210B181900222B72 /* Debug */ = {
			isa = XCBuildConfiguration;
			buildSettings = {
				ASSETCATALOG_COMPILER_APPICON_NAME = AppIcon;
				CODE_SIGN_STYLE = Automatic;
				INFOPLIST_FILE = PracticeWithCollectionViewAndTableView/Info.plist;
				LD_RUNPATH_SEARCH_PATHS = (
					"$(inherited)",
					"@executable_path/Frameworks",
				);
				PRODUCT_BUNDLE_IDENTIFIER = com.kinectpro.denismarkov.PracticeWithCollectionViewAndTableView;
				PRODUCT_NAME = "$(TARGET_NAME)";
				SWIFT_VERSION = 4.0;
				TARGETED_DEVICE_FAMILY = "1,2";
			};
			name = Debug;
		};
		9DBAAE20210B181900222B72 /* Release */ = {
			isa = XCBuildConfiguration;
			buildSettings = {
				ASSETCATALOG_COMPILER_APPICON_NAME = AppIcon;
				CODE_SIGN_STYLE = Automatic;
				INFOPLIST_FILE = PracticeWithCollectionViewAndTableView/Info.plist;
				LD_RUNPATH_SEARCH_PATHS = (
					"$(inherited)",
					"@executable_path/Frameworks",
				);
				PRODUCT_BUNDLE_IDENTIFIER = com.kinectpro.denismarkov.PracticeWithCollectionViewAndTableView;
				PRODUCT_NAME = "$(TARGET_NAME)";
				SWIFT_VERSION = 4.0;
				TARGETED_DEVICE_FAMILY = "1,2";
			};
			name = Release;
		};
/* End XCBuildConfiguration section */

/* Begin XCConfigurationList section */
		9DBAAE07210B181700222B72 /* Build configuration list for PBXProject "PracticeWithCollectionViewAndTableView" */ = {
			isa = XCConfigurationList;
			buildConfigurations = (
				9DBAAE1C210B181900222B72 /* Debug */,
				9DBAAE1D210B181900222B72 /* Release */,
			);
			defaultConfigurationIsVisible = 0;
			defaultConfigurationName = Release;
		};
		9DBAAE1E210B181900222B72 /* Build configuration list for PBXNativeTarget "PracticeWithCollectionViewAndTableView" */ = {
			isa = XCConfigurationList;
			buildConfigurations = (
				9DBAAE1F210B181900222B72 /* Debug */,
				9DBAAE20210B181900222B72 /* Release */,
			);
			defaultConfigurationIsVisible = 0;
			defaultConfigurationName = Release;
		};
/* End XCConfigurationList section */
	};
	rootObject = 9DBAAE04210B181700222B72 /* Project object */;
}
